
Microsoft Visual Studio Solution File, Format Version 12.00
# Visual Studio Version 17
VisualStudioVersion = 17.14.36414.22 d17.14
MinimumVisualStudioVersion = 10.0.40219.1
Project("{FAE04EC0-301F-11D3-BF4B-00C04F79EFBC}") = "MssqlMcpServer", "MssqlMcpServer.csproj", "{B8107FC8-BDA3-047A-67BA-6CA8415656F7}"
EndProject
Global
	GlobalSection(SolutionConfigurationPlatforms) = preSolution
		Debug|Any CPU = Debug|Any CPU
		Release|Any CPU = Release|Any CPU
	EndGlobalSection
	GlobalSection(ProjectConfigurationPlatforms) = postSolution
		{B8107FC8-BDA3-047A-67BA-6CA8415656F7}.Debug|Any CPU.ActiveCfg = Debug|Any CPU
		{B8107FC8-BDA3-047A-67BA-6CA8415656F7}.Debug|Any CPU.Build.0 = Debug|Any CPU
		{B8107FC8-BDA3-047A-67BA-6CA8415656F7}.Release|Any CPU.ActiveCfg = Release|Any CPU
		{B8107FC8-BDA3-047A-67BA-6CA8415656F7}.Release|Any CPU.Build.0 = Release|Any CPU
	EndGlobalSection
	GlobalSection(SolutionProperties) = preSolution
		HideSolutionNode = FALSE
	EndGlobalSection
	GlobalSection(ExtensibilityGlobals) = postSolution
		SolutionGuid = {F638B869-EAAC-4C6A-A0AE-5F19F17D8AB3}
	EndGlobalSection
EndGlobal
