
Microsoft Visual Studio Solution File, Format Version 12.00
# Visual Studio Version 17
VisualStudioVersion = 17.14.36414.22 d17.14
MinimumVisualStudioVersion = 10.0.40219.1
Project("{FAE04EC0-301F-11D3-BF4B-00C04F79EFBC}") = "EmailMcpServer", "EmailMcpServer.csproj", "{218C8EC7-32B9-D294-6DDD-1DCF86CB9DFC}"
EndProject
Global
	GlobalSection(SolutionConfigurationPlatforms) = preSolution
		Debug|Any CPU = Debug|Any CPU
		Release|Any CPU = Release|Any CPU
	EndGlobalSection
	GlobalSection(ProjectConfigurationPlatforms) = postSolution
		{218C8EC7-32B9-D294-6DDD-1DCF86CB9DFC}.Debug|Any CPU.ActiveCfg = Debug|Any CPU
		{218C8EC7-32B9-D294-6DDD-1DCF86CB9DFC}.Debug|Any CPU.Build.0 = Debug|Any CPU
		{218C8EC7-32B9-D294-6DDD-1DCF86CB9DFC}.Release|Any CPU.ActiveCfg = Release|Any CPU
		{218C8EC7-32B9-D294-6DDD-1DCF86CB9DFC}.Release|Any CPU.Build.0 = Release|Any CPU
	EndGlobalSection
	GlobalSection(SolutionProperties) = preSolution
		HideSolutionNode = FALSE
	EndGlobalSection
	GlobalSection(ExtensibilityGlobals) = postSolution
		SolutionGuid = {20176219-7CE2-41B0-A12E-E2A9351EBDFC}
	EndGlobalSection
EndGlobal
